
Microsoft Visual Studio Solution File, Format Version 12.00
# Visual Studio 15
VisualStudioVersion = 15.0.26730.12
MinimumVisualStudioVersion = 10.0.40219.1
Project("{FAE04EC0-301F-11D3-BF4B-00C04F79EFBC}") = "WindowsFormsApp2", "WindowsFormsApp2\WindowsFormsApp2.csproj", "{B4135B77-5F36-45DB-95E5-F569311CB944}"
EndProject
Project("{FAE04EC0-301F-11D3-BF4B-00C04F79EFBC}") = "EncogConsole", "EncogConsole\EncogConsole.csproj", "{F7F2B939-AB44-4513-AC76-F0BF744C545C}"
EndProject
Project("{FAE04EC0-301F-11D3-BF4B-00C04F79EFBC}") = "ColorsClassification", "ColorsClassification\ColorsClassification.csproj", "{8F6F52A3-B3C6-49FF-8D8E-0B6004CFDCBA}"
EndProject
Project("{FAE04EC0-301F-11D3-BF4B-00C04F79EFBC}") = "Quantor", "Quantor\Quantor.csproj", "{D341F763-F5D3-4D51-B7B2-03B3EB74C6E9}"
EndProject
Global
	GlobalSection(SolutionConfigurationPlatforms) = preSolution
		Debug|Any CPU = Debug|Any CPU
		Release|Any CPU = Release|Any CPU
	EndGlobalSection
	GlobalSection(ProjectConfigurationPlatforms) = postSolution
		{B4135B77-5F36-45DB-95E5-F569311CB944}.Debug|Any CPU.ActiveCfg = Debug|Any CPU
		{B4135B77-5F36-45DB-95E5-F569311CB944}.Debug|Any CPU.Build.0 = Debug|Any CPU
		{B4135B77-5F36-45DB-95E5-F569311CB944}.Release|Any CPU.ActiveCfg = Release|Any CPU
		{B4135B77-5F36-45DB-95E5-F569311CB944}.Release|Any CPU.Build.0 = Release|Any CPU
		{F7F2B939-AB44-4513-AC76-F0BF744C545C}.Debug|Any CPU.ActiveCfg = Debug|Any CPU
		{F7F2B939-AB44-4513-AC76-F0BF744C545C}.Debug|Any CPU.Build.0 = Debug|Any CPU
		{F7F2B939-AB44-4513-AC76-F0BF744C545C}.Release|Any CPU.ActiveCfg = Release|Any CPU
		{F7F2B939-AB44-4513-AC76-F0BF744C545C}.Release|Any CPU.Build.0 = Release|Any CPU
		{8F6F52A3-B3C6-49FF-8D8E-0B6004CFDCBA}.Debug|Any CPU.ActiveCfg = Debug|Any CPU
		{8F6F52A3-B3C6-49FF-8D8E-0B6004CFDCBA}.Debug|Any CPU.Build.0 = Debug|Any CPU
		{8F6F52A3-B3C6-49FF-8D8E-0B6004CFDCBA}.Release|Any CPU.ActiveCfg = Release|Any CPU
		{8F6F52A3-B3C6-49FF-8D8E-0B6004CFDCBA}.Release|Any CPU.Build.0 = Release|Any CPU
		{D341F763-F5D3-4D51-B7B2-03B3EB74C6E9}.Debug|Any CPU.ActiveCfg = Debug|Any CPU
		{D341F763-F5D3-4D51-B7B2-03B3EB74C6E9}.Debug|Any CPU.Build.0 = Debug|Any CPU
		{D341F763-F5D3-4D51-B7B2-03B3EB74C6E9}.Release|Any CPU.ActiveCfg = Release|Any CPU
		{D341F763-F5D3-4D51-B7B2-03B3EB74C6E9}.Release|Any CPU.Build.0 = Release|Any CPU
	EndGlobalSection
	GlobalSection(SolutionProperties) = preSolution
		HideSolutionNode = FALSE
	EndGlobalSection
	GlobalSection(ExtensibilityGlobals) = postSolution
		SolutionGuid = {BA5CEE1C-EFA8-407B-828A-CA9578D3849F}
	EndGlobalSection
EndGlobal
